
Microsoft Visual Studio Solution File, Format Version 12.00
# Visual Studio Version 17
VisualStudioVersion = 17.11.35312.102
MinimumVisualStudioVersion = 10.0.40219.1
Project("{9A19103F-16F7-4668-BE54-9A1E7A4F7556}") = "WedStore", "WebStore\WebStore.csproj", "{B8C60009-B2A7-4947-91BD-4724D5064CB6}"
EndProject
Global
	GlobalSection(SolutionConfigurationPlatforms) = preSolution
		Debug|Any CPU = Debug|Any CPU
		Release|Any CPU = Release|Any CPU
	EndGlobalSection
	GlobalSection(ProjectConfigurationPlatforms) = postSolution
		{B8C60009-B2A7-4947-91BD-4724D5064CB6}.Debug|Any CPU.ActiveCfg = Debug|Any CPU
		{B8C60009-B2A7-4947-91BD-4724D5064CB6}.Debug|Any CPU.Build.0 = Debug|Any CPU
		{B8C60009-B2A7-4947-91BD-4724D5064CB6}.Release|Any CPU.ActiveCfg = Release|Any CPU
		{B8C60009-B2A7-4947-91BD-4724D5064CB6}.Release|Any CPU.Build.0 = Release|Any CPU
	EndGlobalSection
	GlobalSection(SolutionProperties) = preSolution
		HideSolutionNode = FALSE
	EndGlobalSection
	GlobalSection(ExtensibilityGlobals) = postSolution
		SolutionGuid = {BF8535C8-CCF5-4A8C-8AD3-8B62F3FA1682}
	EndGlobalSection
EndGlobal
